
Microsoft Visual Studio Solution File, Format Version 12.00
# Visual Studio Version 17
VisualStudioVersion = 17.0.31903.59
MinimumVisualStudioVersion = 10.0.40219.1
Project("{2150E333-8FDC-42A3-9474-1A3956D46DE8}") = "Warehouse.api", "Warehouse.api", "{4D830F72-3A22-A9AD-90F9-EDC0DD32769C}"
EndProject
Project("{FAE04EC0-301F-11D3-BF4B-00C04F79EFBC}") = "Warehouse.Api", "Warehouse.api\Warehouse.Api.csproj", "{AEBBFF37-C621-4F18-96F3-1CE3488428B0}"
EndProject
Global
	GlobalSection(SolutionConfigurationPlatforms) = preSolution
		Debug|Any CPU = Debug|Any CPU
		Debug|x64 = Debug|x64
		Debug|x86 = Debug|x86
		Release|Any CPU = Release|Any CPU
		Release|x64 = Release|x64
		Release|x86 = Release|x86
	EndGlobalSection
	GlobalSection(ProjectConfigurationPlatforms) = postSolution
		{AEBBFF37-C621-4F18-96F3-1CE3488428B0}.Debug|Any CPU.ActiveCfg = Debug|Any CPU
		{AEBBFF37-C621-4F18-96F3-1CE3488428B0}.Debug|Any CPU.Build.0 = Debug|Any CPU
		{AEBBFF37-C621-4F18-96F3-1CE3488428B0}.Debug|x64.ActiveCfg = Debug|Any CPU
		{AEBBFF37-C621-4F18-96F3-1CE3488428B0}.Debug|x64.Build.0 = Debug|Any CPU
		{AEBBFF37-C621-4F18-96F3-1CE3488428B0}.Debug|x86.ActiveCfg = Debug|Any CPU
		{AEBBFF37-C621-4F18-96F3-1CE3488428B0}.Debug|x86.Build.0 = Debug|Any CPU
		{AEBBFF37-C621-4F18-96F3-1CE3488428B0}.Release|Any CPU.ActiveCfg = Release|Any CPU
		{AEBBFF37-C621-4F18-96F3-1CE3488428B0}.Release|Any CPU.Build.0 = Release|Any CPU
		{AEBBFF37-C621-4F18-96F3-1CE3488428B0}.Release|x64.ActiveCfg = Release|Any CPU
		{AEBBFF37-C621-4F18-96F3-1CE3488428B0}.Release|x64.Build.0 = Release|Any CPU
		{AEBBFF37-C621-4F18-96F3-1CE3488428B0}.Release|x86.ActiveCfg = Release|Any CPU
		{AEBBFF37-C621-4F18-96F3-1CE3488428B0}.Release|x86.Build.0 = Release|Any CPU
	EndGlobalSection
	GlobalSection(SolutionProperties) = preSolution
		HideSolutionNode = FALSE
	EndGlobalSection
	GlobalSection(NestedProjects) = preSolution
		{AEBBFF37-C621-4F18-96F3-1CE3488428B0} = {4D830F72-3A22-A9AD-90F9-EDC0DD32769C}
	EndGlobalSection
EndGlobal
